// !$*UTF8*$!
{
	archiveVersion = 1;
	classes = {
	};
	objectVersion = 50;
	objects = {

/* Begin PBXBuildFile section */
		CBF4ED4923F63EC00019A100 /* AppDelegate.swift in Sources */ = {isa = PBXBuildFile; fileRef = CBF4ED4823F63EC00019A100 /* AppDelegate.swift */; };
		CBF4ED4B23F63EC00019A100 /* ViewController.swift in Sources */ = {isa = PBXBuildFile; fileRef = CBF4ED4A23F63EC00019A100 /* ViewController.swift */; };
		CBF4ED4E23F63EC00019A100 /* Main.storyboard in Resources */ = {isa = PBXBuildFile; fileRef = CBF4ED4C23F63EC00019A100 /* Main.storyboard */; };
		CBF4ED5023F63EC30019A100 /* Assets.xcassets in Resources */ = {isa = PBXBuildFile; fileRef = CBF4ED4F23F63EC30019A100 /* Assets.xcassets */; };
		CBF4ED5323F63EC30019A100 /* LaunchScreen.storyboard in Resources */ = {isa = PBXBuildFile; fileRef = CBF4ED5123F63EC30019A100 /* LaunchScreen.storyboard */; };
		CBF4ED5E23F63EC30019A100 /* Tip_CalculatorTests.swift in Sources */ = {isa = PBXBuildFile; fileRef = CBF4ED5D23F63EC30019A100 /* Tip_CalculatorTests.swift */; };
		CBF4ED6923F63EC30019A100 /* Tip_CalculatorUITests.swift in Sources */ = {isa = PBXBuildFile; fileRef = CBF4ED6823F63EC30019A100 /* Tip_CalculatorUITests.swift */; };
/* End PBXBuildFile section */

/* Begin PBXContainerItemProxy section */
		CBF4ED5A23F63EC30019A100 /* PBXContainerItemProxy */ = {
			isa = PBXContainerItemProxy;
			containerPortal = CBF4ED3D23F63EC00019A100 /* Project object */;
			proxyType = 1;
			remoteGlobalIDString = CBF4ED4423F63EC00019A100;
			remoteInfo = "Tip Calculator";
		};
		CBF4ED6523F63EC30019A100 /* PBXContainerItemProxy */ = {
			isa = PBXContainerItemProxy;
			containerPortal = CBF4ED3D23F63EC00019A100 /* Project object */;
			proxyType = 1;
			remoteGlobalIDString = CBF4ED4423F63EC00019A100;
			remoteInfo = "Tip Calculator";
		};
/* End PBXContainerItemProxy section */

/* Begin PBXFileReference section */
		CBF4ED4523F63EC00019A100 /* Tip Calculator.app */ = {isa = PBXFileReference; explicitFileType = wrapper.application; includeInIndex = 0; path = "Tip Calculator.app"; sourceTree = BUILT_PRODUCTS_DIR; };
		CBF4ED4823F63EC00019A100 /* AppDelegate.swift */ = {isa = PBXFileReference; lastKnownFileType = sourcecode.swift; path = AppDelegate.swift; sourceTree = "<group>"; };
		CBF4ED4A23F63EC00019A100 /* ViewController.swift */ = {isa = PBXFileReference; lastKnownFileType = sourcecode.swift; path = ViewController.swift; sourceTree = "<group>"; };
		CBF4ED4D23F63EC00019A100 /* Base */ = {isa = PBXFileReference; lastKnownFileType = file.storyboard; name = Base; path = Base.lproj/Main.storyboard; sourceTree = "<group>"; };
		CBF4ED4F23F63EC30019A100 /* Assets.xcassets */ = {isa = PBXFileReference; lastKnownFileType = folder.assetcatalog; path = Assets.xcassets; sourceTree = "<group>"; };
		CBF4ED5223F63EC30019A100 /* Base */ = {isa = PBXFileReference; lastKnownFileType = file.storyboard; name = Base; path = Base.lproj/LaunchScreen.storyboard; sourceTree = "<group>"; };
		CBF4ED5423F63EC30019A100 /* Info.plist */ = {isa = PBXFileReference; lastKnownFileType = text.plist.xml; path = Info.plist; sourceTree = "<group>"; };
		CBF4ED5923F63EC30019A100 /* Tip CalculatorTests.xctest */ = {isa = PBXFileReference; explicitFileType = wrapper.cfbundle; includeInIndex = 0; path = "Tip CalculatorTests.xctest"; sourceTree = BUILT_PRODUCTS_DIR; };
		CBF4ED5D23F63EC30019A100 /* Tip_CalculatorTests.swift */ = {isa = PBXFileReference; lastKnownFileType = sourcecode.swift; path = Tip_CalculatorTests.swift; sourceTree = "<group>"; };
		CBF4ED5F23F63EC30019A100 /* Info.plist */ = {isa = PBXFileReference; lastKnownFileType = text.plist.xml; path = Info.plist; sourceTree = "<group>"; };
		CBF4ED6423F63EC30019A100 /* Tip CalculatorUITests.xctest */ = {isa = PBXFileReference; explicitFileType = wrapper.cfbundle; includeInIndex = 0; path = "Tip CalculatorUITests.xctest"; sourceTree = BUILT_PRODUCTS_DIR; };
		CBF4ED6823F63EC30019A100 /* Tip_CalculatorUITests.swift */ = {isa = PBXFileReference; lastKnownFileType = sourcecode.swift; path = Tip_CalculatorUITests.swift; sourceTree = "<group>"; };
		CBF4ED6A23F63EC30019A100 /* Info.plist */ = {isa = PBXFileReference; lastKnownFileType = text.plist.xml; path = Info.plist; sourceTree = "<group>"; };
/* End PBXFileReference section */

/* Begin PBXFrameworksBuildPhase section */
		CBF4ED4223F63EC00019A100 /* Frameworks */ = {
			isa = PBXFrameworksBuildPhase;
			buildActionMask = 2147483647;
			files = (
			);
			runOnlyForDeploymentPostprocessing = 0;
		};
		CBF4ED5623F63EC30019A100 /* Frameworks */ = {
			isa = PBXFrameworksBuildPhase;
			buildActionMask = 2147483647;
			files = (
			);
			runOnlyForDeploymentPostprocessing = 0;
		};
		CBF4ED6123F63EC30019A100 /* Frameworks */ = {
			isa = PBXFrameworksBuildPhase;
			buildActionMask = 2147483647;
			files = (
			);
			runOnlyForDeploymentPostprocessing = 0;
		};
/* End PBXFrameworksBuildPhase section */

/* Begin PBXGroup section */
		CBF4ED3C23F63EC00019A100 = {
			isa = PBXGroup;
			children = (
				CBF4ED4723F63EC00019A100 /* Tip Calculator */,
				CBF4ED5C23F63EC30019A100 /* Tip CalculatorTests */,
				CBF4ED6723F63EC30019A100 /* Tip CalculatorUITests */,
				CBF4ED4623F63EC00019A100 /* Products */,
			);
			sourceTree = "<group>";
		};
		CBF4ED4623F63EC00019A100 /* Products */ = {
			isa = PBXGroup;
			children = (
				CBF4ED4523F63EC00019A100 /* Tip Calculator.app */,
				CBF4ED5923F63EC30019A100 /* Tip CalculatorTests.xctest */,
				CBF4ED6423F63EC30019A100 /* Tip CalculatorUITests.xctest */,
			);
			name = Products;
			sourceTree = "<group>";
		};
		CBF4ED4723F63EC00019A100 /* Tip Calculator */ = {
			isa = PBXGroup;
			children = (
				CBF4ED4823F63EC00019A100 /* AppDelegate.swift */,
				CBF4ED4A23F63EC00019A100 /* ViewController.swift */,
				CBF4ED4C23F63EC00019A100 /* Main.storyboard */,
				CBF4ED4F23F63EC30019A100 /* Assets.xcassets */,
				CBF4ED5123F63EC30019A100 /* LaunchScreen.storyboard */,
				CBF4ED5423F63EC30019A100 /* Info.plist */,
			);
			path = "Tip Calculator";
			sourceTree = "<group>";
		};
		CBF4ED5C23F63EC30019A100 /* Tip CalculatorTests */ = {
			isa = PBXGroup;
			children = (
				CBF4ED5D23F63EC30019A100 /* Tip_CalculatorTests.swift */,
				CBF4ED5F23F63EC30019A100 /* Info.plist */,
			);
			path = "Tip CalculatorTests";
			sourceTree = "<group>";
		};
		CBF4ED6723F63EC30019A100 /* Tip CalculatorUITests */ = {
			isa = PBXGroup;
			children = (
				CBF4ED6823F63EC30019A100 /* Tip_CalculatorUITests.swift */,
				CBF4ED6A23F63EC30019A100 /* Info.plist */,
			);
			path = "Tip CalculatorUITests";
			sourceTree = "<group>";
		};
/* End PBXGroup section */

/* Begin PBXNativeTarget section */
		CBF4ED4423F63EC00019A100 /* Tip Calculator */ = {
			isa = PBXNativeTarget;
			buildConfigurationList = CBF4ED6D23F63EC30019A100 /* Build configuration list for PBXNativeTarget "Tip Calculator" */;
			buildPhases = (
				CBF4ED4123F63EC00019A100 /* Sources */,
				CBF4ED4223F63EC00019A100 /* Frameworks */,
				CBF4ED4323F63EC00019A100 /* Resources */,
			);
			buildRules = (
			);
			dependencies = (
			);
			name = "Tip Calculator";
			productName = "Tip Calculator";
			productReference = CBF4ED4523F63EC00019A100 /* Tip Calculator.app */;
			productType = "com.apple.product-type.application";
		};
		CBF4ED5823F63EC30019A100 /* Tip CalculatorTests */ = {
			isa = PBXNativeTarget;
			buildConfigurationList = CBF4ED7023F63EC30019A100 /* Build configuration list for PBXNativeTarget "Tip CalculatorTests" */;
			buildPhases = (
				CBF4ED5523F63EC30019A100 /* Sources */,
				CBF4ED5623F63EC30019A100 /* Frameworks */,
				CBF4ED5723F63EC30019A100 /* Resources */,
			);
			buildRules = (
			);
			dependencies = (
				CBF4ED5B23F63EC30019A100 /* PBXTargetDependency */,
			);
			name = "Tip CalculatorTests";
			productName = "Tip CalculatorTests";
			productReference = CBF4ED5923F63EC30019A100 /* Tip CalculatorTests.xctest */;
			productType = "com.apple.product-type.bundle.unit-test";
		};
		CBF4ED6323F63EC30019A100 /* Tip CalculatorUITests */ = {
			isa = PBXNativeTarget;
			buildConfigurationList = CBF4ED7323F63EC30019A100 /* Build configuration list for PBXNativeTarget "Tip CalculatorUITests" */;
			buildPhases = (
				CBF4ED6023F63EC30019A100 /* Sources */,
				CBF4ED6123F63EC30019A100 /* Frameworks */,
				CBF4ED6223F63EC30019A100 /* Resources */,
			);
			buildRules = (
			);
			dependencies = (
				CBF4ED6623F63EC30019A100 /* PBXTargetDependency */,
			);
			name = "Tip CalculatorUITests";
			productName = "Tip CalculatorUITests";
			productReference = CBF4ED6423F63EC30019A100 /* Tip CalculatorUITests.xctest */;
			productType = "com.apple.product-type.bundle.ui-testing";
		};
/* End PBXNativeTarget section */

/* Begin PBXProject section */
		CBF4ED3D23F63EC00019A100 /* Project object */ = {
			isa = PBXProject;
			attributes = {
				LastSwiftUpdateCheck = 1010;
				LastUpgradeCheck = 1010;
				ORGANIZATIONNAME = "RAUL RIVERO RUBIO";
				TargetAttributes = {
					CBF4ED4423F63EC00019A100 = {
						CreatedOnToolsVersion = 10.1;
					};
					CBF4ED5823F63EC30019A100 = {
						CreatedOnToolsVersion = 10.1;
						TestTargetID = CBF4ED4423F63EC00019A100;
					};
					CBF4ED6323F63EC30019A100 = {
						CreatedOnToolsVersion = 10.1;
						TestTargetID = CBF4ED4423F63EC00019A100;
					};
				};
			};
			buildConfigurationList = CBF4ED4023F63EC00019A100 /* Build configuration list for PBXProject "Tip Calculator" */;
			compatibilityVersion = "Xcode 9.3";
			developmentRegion = en;
			hasScannedForEncodings = 0;
			knownRegions = (
				en,
				Base,
			);
			mainGroup = CBF4ED3C23F63EC00019A100;
			productRefGroup = CBF4ED4623F63EC00019A100 /* Products */;
			projectDirPath = "";
			projectRoot = "";
			targets = (
				CBF4ED4423F63EC00019A100 /* Tip Calculator */,
				CBF4ED5823F63EC30019A100 /* Tip CalculatorTests */,
				CBF4ED6323F63EC30019A100 /* Tip CalculatorUITests */,
			);
		};
/* End PBXProject section */

/* Begin PBXResourcesBuildPhase section */
		CBF4ED4323F63EC00019A100 /* Resources */ = {
			isa = PBXResourcesBuildPhase;
			buildActionMask = 2147483647;
			files = (
				CBF4ED5323F63EC30019A100 /* LaunchScreen.storyboard in Resources */,
				CBF4ED5023F63EC30019A100 /* Assets.xcassets in Resources */,
				CBF4ED4E23F63EC00019A100 /* Main.storyboard in Resources */,
			);
			runOnlyForDeploymentPostprocessing = 0;
		};
		CBF4ED5723F63EC30019A100 /* Resources */ = {
			isa = PBXResourcesBuildPhase;
			buildActionMask = 2147483647;
			files = (
			);
			runOnlyForDeploymentPostprocessing = 0;
		};
		CBF4ED6223F63EC30019A100 /* Resources */ = {
			isa = PBXResourcesBuildPhase;
			buildActionMask = 2147483647;
			files = (
			);
			runOnlyForDeploymentPostprocessing = 0;
		};
/* End PBXResourcesBuildPhase section */

/* Begin PBXSourcesBuildPhase section */
		CBF4ED4123F63EC00019A100 /* Sources */ = {
			isa = PBXSourcesBuildPhase;
			buildActionMask = 2147483647;
			files = (
				CBF4ED4B23F63EC00019A100 /* ViewController.swift in Sources */,
				CBF4ED4923F63EC00019A100 /* AppDelegate.swift in Sources */,
			);
			runOnlyForDeploymentPostprocessing = 0;
		};
		CBF4ED5523F63EC30019A100 /* Sources */ = {
			isa = PBXSourcesBuildPhase;
			buildActionMask = 2147483647;
			files = (
				CBF4ED5E23F63EC30019A100 /* Tip_CalculatorTests.swift in Sources */,
			);
			runOnlyForDeploymentPostprocessing = 0;
		};
		CBF4ED6023F63EC30019A100 /* Sources */ = {
			isa = PBXSourcesBuildPhase;
			buildActionMask = 2147483647;
			files = (
				CBF4ED6923F63EC30019A100 /* Tip_CalculatorUITests.swift in Sources */,
			);
			runOnlyForDeploymentPostprocessing = 0;
		};
/* End PBXSourcesBuildPhase section */

/* Begin PBXTargetDependency section */
		CBF4ED5B23F63EC30019A100 /* PBXTargetDependency */ = {
			isa = PBXTargetDependency;
			target = CBF4ED4423F63EC00019A100 /* Tip Calculator */;
			targetProxy = CBF4ED5A23F63EC30019A100 /* PBXContainerItemProxy */;
		};
		CBF4ED6623F63EC30019A100 /* PBXTargetDependency */ = {
			isa = PBXTargetDependency;
			target = CBF4ED4423F63EC00019A100 /* Tip Calculator */;
			targetProxy = CBF4ED6523F63EC30019A100 /* PBXContainerItemProxy */;
		};
/* End PBXTargetDependency section */

/* Begin PBXVariantGroup section */
		CBF4ED4C23F63EC00019A100 /* Main.storyboard */ = {
			isa = PBXVariantGroup;
			children = (
				CBF4ED4D23F63EC00019A100 /* Base */,
			);
			name = Main.storyboard;
			sourceTree = "<group>";
		};
		CBF4ED5123F63EC30019A100 /* LaunchScreen.storyboard */ = {
			isa = PBXVariantGroup;
			children = (
				CBF4ED5223F63EC30019A100 /* Base */,
			);
			name = LaunchScreen.storyboard;
			sourceTree = "<group>";
		};
/* End PBXVariantGroup section */

/* Begin XCBuildConfiguration section */
		CBF4ED6B23F63EC30019A100 /* Debug */ = {
			isa = XCBuildConfiguration;
			buildSettings = {
				ALWAYS_SEARCH_USER_PATHS = NO;
				CLANG_ANALYZER_NONNULL = YES;
				CLANG_ANALYZER_NUMBER_OBJECT_CONVERSION = YES_AGGRESSIVE;
				CLANG_CXX_LANGUAGE_STANDARD = "gnu++14";
				CLANG_CXX_LIBRARY = "libc++";
				CLANG_ENABLE_MODULES = YES;
				CLANG_ENABLE_OBJC_ARC = YES;
				CLANG_ENABLE_OBJC_WEAK = YES;
				CLANG_WARN_BLOCK_CAPTURE_AUTORELEASING = YES;
				CLANG_WARN_BOOL_CONVERSION = YES;
				CLANG_WARN_COMMA = YES;
				CLANG_WARN_CONSTANT_CONVERSION = YES;
				CLANG_WARN_DEPRECATED_OBJC_IMPLEMENTATIONS = YES;
				CLANG_WARN_DIRECT_OBJC_ISA_USAGE = YES_ERROR;
				CLANG_WARN_DOCUMENTATION_COMMENTS = YES;
				CLANG_WARN_EMPTY_BODY = YES;
				CLANG_WARN_ENUM_CONVERSION = YES;
				CLANG_WARN_INFINITE_RECURSION = YES;
				CLANG_WARN_INT_CONVERSION = YES;
				CLANG_WARN_NON_LITERAL_NULL_CONVERSION = YES;
				CLANG_WARN_OBJC_IMPLICIT_RETAIN_SELF = YES;
				CLANG_WARN_OBJC_LITERAL_CONVERSION = YES;
				CLANG_WARN_OBJC_ROOT_CLASS = YES_ERROR;
				CLANG_WARN_RANGE_LOOP_ANALYSIS = YES;
				CLANG_WARN_STRICT_PROTOTYPES = YES;
				CLANG_WARN_SUSPICIOUS_MOVE = YES;
				CLANG_WARN_UNGUARDED_AVAILABILITY = YES_AGGRESSIVE;
				CLANG_WARN_UNREACHABLE_CODE = YES;
				CLANG_WARN__DUPLICATE_METHOD_MATCH = YES;
				CODE_SIGN_IDENTITY = "iPhone Developer";
				COPY_PHASE_STRIP = NO;
				DEBUG_INFORMATION_FORMAT = dwarf;
				ENABLE_STRICT_OBJC_MSGSEND = YES;
				ENABLE_TESTABILITY = YES;
				GCC_C_LANGUAGE_STANDARD = gnu11;
				GCC_DYNAMIC_NO_PIC = NO;
				GCC_NO_COMMON_BLOCKS = YES;
				GCC_OPTIMIZATION_LEVEL = 0;
				GCC_PREPROCESSOR_DEFINITIONS = (
					"DEBUG=1",
					"$(inherited)",
				);
				GCC_WARN_64_TO_32_BIT_CONVERSION = YES;
				GCC_WARN_ABOUT_RETURN_TYPE = YES_ERROR;
				GCC_WARN_UNDECLARED_SELECTOR = YES;
				GCC_WARN_UNINITIALIZED_AUTOS = YES_AGGRESSIVE;
				GCC_WARN_UNUSED_FUNCTION = YES;
				GCC_WARN_UNUSED_VARIABLE = YES;
				IPHONEOS_DEPLOYMENT_TARGET = 12.1;
				MTL_ENABLE_DEBUG_INFO = INCLUDE_SOURCE;
				MTL_FAST_MATH = YES;
				ONLY_ACTIVE_ARCH = YES;
				SDKROOT = iphoneos;
				SWIFT_ACTIVE_COMPILATION_CONDITIONS = DEBUG;
				SWIFT_OPTIMIZATION_LEVEL = "-Onone";
			};
			name = Debug;
		};
		CBF4ED6C23F63EC30019A100 /* Release */ = {
			isa = XCBuildConfiguration;
			buildSettings = {
				ALWAYS_SEARCH_USER_PATHS = NO;
				CLANG_ANALYZER_NONNULL = YES;
				CLANG_ANALYZER_NUMBER_OBJECT_CONVERSION = YES_AGGRESSIVE;
				CLANG_CXX_LANGUAGE_STANDARD = "gnu++14";
				CLANG_CXX_LIBRARY = "libc++";
				CLANG_ENABLE_MODULES = YES;
				CLANG_ENABLE_OBJC_ARC = YES;
				CLANG_ENABLE_OBJC_WEAK = YES;
				CLANG_WARN_BLOCK_CAPTURE_AUTORELEASING = YES;
				CLANG_WARN_BOOL_CONVERSION = YES;
				CLANG_WARN_COMMA = YES;
				CLANG_WARN_CONSTANT_CONVERSION = YES;
				CLANG_WARN_DEPRECATED_OBJC_IMPLEMENTATIONS = YES;
				CLANG_WARN_DIRECT_OBJC_ISA_USAGE = YES_ERROR;
				CLANG_WARN_DOCUMENTATION_COMMENTS = YES;
				CLANG_WARN_EMPTY_BODY = YES;
				CLANG_WARN_ENUM_CONVERSION = YES;
				CLANG_WARN_INFINITE_RECURSION = YES;
				CLANG_WARN_INT_CONVERSION = YES;
				CLANG_WARN_NON_LITERAL_NULL_CONVERSION = YES;
				CLANG_WARN_OBJC_IMPLICIT_RETAIN_SELF = YES;
				CLANG_WARN_OBJC_LITERAL_CONVERSION = YES;
				CLANG_WARN_OBJC_ROOT_CLASS = YES_ERROR;
				CLANG_WARN_RANGE_LOOP_ANALYSIS = YES;
				CLANG_WARN_STRICT_PROTOTYPES = YES;
				CLANG_WARN_SUSPICIOUS_MOVE = YES;
				CLANG_WARN_UNGUARDED_AVAILABILITY = YES_AGGRESSIVE;
				CLANG_WARN_UNREACHABLE_CODE = YES;
				CLANG_WARN__DUPLICATE_METHOD_MATCH = YES;
				CODE_SIGN_IDENTITY = "iPhone Developer";
				COPY_PHASE_STRIP = NO;
				DEBUG_INFORMATION_FORMAT = "dwarf-with-dsym";
				ENABLE_NS_ASSERTIONS = NO;
				ENABLE_STRICT_OBJC_MSGSEND = YES;
				GCC_C_LANGUAGE_STANDARD = gnu11;
				GCC_NO_COMMON_BLOCKS = YES;
				GCC_WARN_64_TO_32_BIT_CONVERSION = YES;
				GCC_WARN_ABOUT_RETURN_TYPE = YES_ERROR;
				GCC_WARN_UNDECLARED_SELECTOR = YES;
				GCC_WARN_UNINITIALIZED_AUTOS = YES_AGGRESSIVE;
				GCC_WARN_UNUSED_FUNCTION = YES;
				GCC_WARN_UNUSED_VARIABLE = YES;
				IPHONEOS_DEPLOYMENT_TARGET = 12.1;
				MTL_ENABLE_DEBUG_INFO = NO;
				MTL_FAST_MATH = YES;
				SDKROOT = iphoneos;
				SWIFT_COMPILATION_MODE = wholemodule;
				SWIFT_OPTIMIZATION_LEVEL = "-O";
				VALIDATE_PRODUCT = YES;
			};
			name = Release;
		};
		CBF4ED6E23F63EC30019A100 /* Debug */ = {
			isa = XCBuildConfiguration;
			buildSettings = {
				ASSETCATALOG_COMPILER_APPICON_NAME = AppIcon;
				CODE_SIGN_STYLE = Automatic;
				INFOPLIST_FILE = "Tip Calculator/Info.plist";
				LD_RUNPATH_SEARCH_PATHS = (
					"$(inherited)",
					"@executable_path/Frameworks",
				);
				PRODUCT_BUNDLE_IDENTIFIER = "com.CSNcit238B-IOS.Tip-Calculator";
				PRODUCT_NAME = "$(TARGET_NAME)";
				SWIFT_VERSION = 4.2;
				TARGETED_DEVICE_FAMILY = "1,2";
			};
			name = Debug;
		};
		CBF4ED6F23F63EC30019A100 /* Release */ = {
			isa = XCBuildConfiguration;
			buildSettings = {
				ASSETCATALOG_COMPILER_APPICON_NAME = AppIcon;
				CODE_SIGN_STYLE = Automatic;
				INFOPLIST_FILE = "Tip Calculator/Info.plist";
				LD_RUNPATH_SEARCH_PATHS = (
					"$(inherited)",
					"@executable_path/Frameworks",
				);
				PRODUCT_BUNDLE_IDENTIFIER = "com.CSNcit238B-IOS.Tip-Calculator";
				PRODUCT_NAME = "$(TARGET_NAME)";
				SWIFT_VERSION = 4.2;
				TARGETED_DEVICE_FAMILY = "1,2";
			};
			name = Release;
		};
		CBF4ED7123F63EC30019A100 /* Debug */ = {
			isa = XCBuildConfiguration;
			buildSettings = {
				ALWAYS_EMBED_SWIFT_STANDARD_LIBRARIES = YES;
				BUNDLE_LOADER = "$(TEST_HOST)";
				CODE_SIGN_STYLE = Automatic;
				INFOPLIST_FILE = "Tip CalculatorTests/Info.plist";
				LD_RUNPATH_SEARCH_PATHS = (
					"$(inherited)",
					"@executable_path/Frameworks",
					"@loader_path/Frameworks",
				);
				PRODUCT_BUNDLE_IDENTIFIER = "com.CSNcit238B-IOS.Tip-CalculatorTests";
				PRODUCT_NAME = "$(TARGET_NAME)";
				SWIFT_VERSION = 4.2;
				TARGETED_DEVICE_FAMILY = "1,2";
				TEST_HOST = "$(BUILT_PRODUCTS_DIR)/Tip Calculator.app/Tip Calculator";
			};
			name = Debug;
		};
		CBF4ED7223F63EC30019A100 /* Release */ = {
			isa = XCBuildConfiguration;
			buildSettings = {
				ALWAYS_EMBED_SWIFT_STANDARD_LIBRARIES = YES;
				BUNDLE_LOADER = "$(TEST_HOST)";
				CODE_SIGN_STYLE = Automatic;
				INFOPLIST_FILE = "Tip CalculatorTests/Info.plist";
				LD_RUNPATH_SEARCH_PATHS = (
					"$(inherited)",
					"@executable_path/Frameworks",
					"@loader_path/Frameworks",
				);
				PRODUCT_BUNDLE_IDENTIFIER = "com.CSNcit238B-IOS.Tip-CalculatorTests";
				PRODUCT_NAME = "$(TARGET_NAME)";
				SWIFT_VERSION = 4.2;
				TARGETED_DEVICE_FAMILY = "1,2";
				TEST_HOST = "$(BUILT_PRODUCTS_DIR)/Tip Calculator.app/Tip Calculator";
			};
			name = Release;
		};
		CBF4ED7423F63EC30019A100 /* Debug */ = {
			isa = XCBuildConfiguration;
			buildSettings = {
				ALWAYS_EMBED_SWIFT_STANDARD_LIBRARIES = YES;
				CODE_SIGN_STYLE = Automatic;
				INFOPLIST_FILE = "Tip CalculatorUITests/Info.plist";
				LD_RUNPATH_SEARCH_PATHS = (
					"$(inherited)",
					"@executable_path/Frameworks",
					"@loader_path/Frameworks",
				);
				PRODUCT_BUNDLE_IDENTIFIER = "com.CSNcit238B-IOS.Tip-CalculatorUITests";
				PRODUCT_NAME = "$(TARGET_NAME)";
				SWIFT_VERSION = 4.2;
				TARGETED_DEVICE_FAMILY = "1,2";
				TEST_TARGET_NAME = "Tip Calculator";
			};
			name = Debug;
		};
		CBF4ED7523F63EC30019A100 /* Release */ = {
			isa = XCBuildConfiguration;
			buildSettings = {
				ALWAYS_EMBED_SWIFT_STANDARD_LIBRARIES = YES;
				CODE_SIGN_STYLE = Automatic;
				INFOPLIST_FILE = "Tip CalculatorUITests/Info.plist";
				LD_RUNPATH_SEARCH_PATHS = (
					"$(inherited)",
					"@executable_path/Frameworks",
					"@loader_path/Frameworks",
				);
				PRODUCT_BUNDLE_IDENTIFIER = "com.CSNcit238B-IOS.Tip-CalculatorUITests";
				PRODUCT_NAME = "$(TARGET_NAME)";
				SWIFT_VERSION = 4.2;
				TARGETED_DEVICE_FAMILY = "1,2";
				TEST_TARGET_NAME = "Tip Calculator";
			};
			name = Release;
		};
/* End XCBuildConfiguration section */

/* Begin XCConfigurationList section */
		CBF4ED4023F63EC00019A100 /* Build configuration list for PBXProject "Tip Calculator" */ = {
			isa = XCConfigurationList;
			buildConfigurations = (
				CBF4ED6B23F63EC30019A100 /* Debug */,
				CBF4ED6C23F63EC30019A100 /* Release */,
			);
			defaultConfigurationIsVisible = 0;
			defaultConfigurationName = Release;
		};
		CBF4ED6D23F63EC30019A100 /* Build configuration list for PBXNativeTarget "Tip Calculator" */ = {
			isa = XCConfigurationList;
			buildConfigurations = (
				CBF4ED6E23F63EC30019A100 /* Debug */,
				CBF4ED6F23F63EC30019A100 /* Release */,
			);
			defaultConfigurationIsVisible = 0;
			defaultConfigurationName = Release;
		};
		CBF4ED7023F63EC30019A100 /* Build configuration list for PBXNativeTarget "Tip CalculatorTests" */ = {
			isa = XCConfigurationList;
			buildConfigurations = (
				CBF4ED7123F63EC30019A100 /* Debug */,
				CBF4ED7223F63EC30019A100 /* Release */,
			);
			defaultConfigurationIsVisible = 0;
			defaultConfigurationName = Release;
		};
		CBF4ED7323F63EC30019A100 /* Build configuration list for PBXNativeTarget "Tip CalculatorUITests" */ = {
			isa = XCConfigurationList;
			buildConfigurations = (
				CBF4ED7423F63EC30019A100 /* Debug */,
				CBF4ED7523F63EC30019A100 /* Release */,
			);
			defaultConfigurationIsVisible = 0;
			defaultConfigurationName = Release;
		};
/* End XCConfigurationList section */
	};
	rootObject = CBF4ED3D23F63EC00019A100 /* Project object */;
}
